
Microsoft Visual Studio Solution File, Format Version 12.00
# Visual Studio Version 17
VisualStudioVersion = 17.5.33530.505
MinimumVisualStudioVersion = 10.0.40219.1
Project("{8BC9CEB8-8B4A-11D0-8D11-00A0C91BC942}") = "Sandbox", "Sandbox\Sandbox.vcxproj", "{9EE14CD7-79DF-4B6E-8524-6B187DE733A5}"
EndProject
Project("{8BC9CEB8-8B4A-11D0-8D11-00A0C91BC942}") = "OpenSpace", "OpenSpace\OpenSpace.vcxproj", "{32B01B5B-77B9-4E46-9641-94DA6F94237B}"
EndProject
Global
	GlobalSection(SolutionConfigurationPlatforms) = preSolution
		Debug|x64 = Debug|x64
		Release|x64 = Release|x64
	EndGlobalSection
	GlobalSection(ProjectConfigurationPlatforms) = postSolution
		{32B01B5B-77B9-4E46-9641-94DA6F94237B}.Debug|x64.ActiveCfg = Debug|x64
		{32B01B5B-77B9-4E46-9641-94DA6F94237B}.Debug|x64.Build.0 = Debug|x64
		{32B01B5B-77B9-4E46-9641-94DA6F94237B}.Release|x64.ActiveCfg = Release|x64
		{32B01B5B-77B9-4E46-9641-94DA6F94237B}.Release|x64.Build.0 = Release|x64
		{9EE14CD7-79DF-4B6E-8524-6B187DE733A5}.Debug|x64.ActiveCfg = Debug|x64
		{9EE14CD7-79DF-4B6E-8524-6B187DE733A5}.Debug|x64.Build.0 = Debug|x64
		{9EE14CD7-79DF-4B6E-8524-6B187DE733A5}.Release|x64.ActiveCfg = Release|x64
		{9EE14CD7-79DF-4B6E-8524-6B187DE733A5}.Release|x64.Build.0 = Release|x64
	EndGlobalSection
	GlobalSection(SolutionProperties) = preSolution
		HideSolutionNode = FALSE
	EndGlobalSection
	GlobalSection(ExtensibilityGlobals) = postSolution
		SolutionGuid = {92BD7B8D-9182-4373-B027-359D1535EC55}
	EndGlobalSection
EndGlobal
