<?xml version="1.0" encoding="utf-8"?>
<Project ToolsVersion="4.0" xmlns="http://schemas.microsoft.com/developer/msbuild/2003">
  <ItemGroup>
    <Filter Include="OpenSpace">
      <UniqueIdentifier>{C3FFBEA6-2F6A-731D-78A8-24C3E4515172}</UniqueIdentifier>
    </Filter>
  </ItemGroup>
  <ItemGroup>
    <ClInclude Include="src\OpenSpace.h" />
    <ClInclude Include="src\OpenSpace\Application.h">
      <Filter>OpenSpace</Filter>
    </ClInclude>
    <ClInclude Include="src\OpenSpace\Core.h">
      <Filter>OpenSpace</Filter>
    </ClInclude>
    <ClInclude Include="src\OpenSpace\EntryPoint.h">
      <Filter>OpenSpace</Filter>
    </ClInclude>
    <ClInclude Include="src\OpenSpace\Log.h">
      <Filter>OpenSpace</Filter>
    </ClInclude>
  </ItemGroup>
  <ItemGroup>
    <ClCompile Include="src\OpenSpace\Application.cpp">
      <Filter>OpenSpace</Filter>
    </ClCompile>
    <ClCompile Include="src\OpenSpace\Log.cpp">
      <Filter>OpenSpace</Filter>
    </ClCompile>
  </ItemGroup>
</Project>